// !$*UTF8*$!
{
	archiveVersion = 1;
	classes = {
	};
	objectVersion = 51;
	objects = {

/* Begin PBXBuildFile section */
		80B0BDF625C1B5F90039EE76 /* AppDelegate.swift in Sources */ = {isa = PBXBuildFile; fileRef = 80B0BDF525C1B5F90039EE76 /* AppDelegate.swift */; };
		80B0BDF825C1B5F90039EE76 /* SceneDelegate.swift in Sources */ = {isa = PBXBuildFile; fileRef = 80B0BDF725C1B5F90039EE76 /* SceneDelegate.swift */; };
		80B0BDFA25C1B5F90039EE76 /* ViewController.swift in Sources */ = {isa = PBXBuildFile; fileRef = 80B0BDF925C1B5F90039EE76 /* ViewController.swift */; };
		80B0BDFD25C1B5F90039EE76 /* Main.storyboard in Resources */ = {isa = PBXBuildFile; fileRef = 80B0BDFB25C1B5F90039EE76 /* Main.storyboard */; };
		80B0BDFF25C1B5FD0039EE76 /* Assets.xcassets in Resources */ = {isa = PBXBuildFile; fileRef = 80B0BDFE25C1B5FD0039EE76 /* Assets.xcassets */; };
		80B0BE0225C1B5FD0039EE76 /* LaunchScreen.storyboard in Resources */ = {isa = PBXBuildFile; fileRef = 80B0BE0025C1B5FD0039EE76 /* LaunchScreen.storyboard */; };
		80B0BE1B25C1B8730039EE76 /* Photos.swift in Sources */ = {isa = PBXBuildFile; fileRef = 80B0BE1A25C1B8730039EE76 /* Photos.swift */; };
		80B0BE1E25C1B9090039EE76 /* PhotoTable.swift in Sources */ = {isa = PBXBuildFile; fileRef = 80B0BE1D25C1B9090039EE76 /* PhotoTable.swift */; };
		AFE8D196B3D3B7D1C76067F6 /* Pods_Turkcell_Odev5.framework in Frameworks */ = {isa = PBXBuildFile; fileRef = 9B63E81F321651CA16F44F30 /* Pods_Turkcell_Odev5.framework */; };
/* End PBXBuildFile section */

/* Begin PBXFileReference section */
		6D1F0F1B3B969067F4CD074D /* Pods-Turkcell_Odev5.release.xcconfig */ = {isa = PBXFileReference; includeInIndex = 1; lastKnownFileType = text.xcconfig; name = "Pods-Turkcell_Odev5.release.xcconfig"; path = "Target Support Files/Pods-Turkcell_Odev5/Pods-Turkcell_Odev5.release.xcconfig"; sourceTree = "<group>"; };
		80B0BDF225C1B5F90039EE76 /* Turkcell_Odev5.app */ = {isa = PBXFileReference; explicitFileType = wrapper.application; includeInIndex = 0; path = Turkcell_Odev5.app; sourceTree = BUILT_PRODUCTS_DIR; };
		80B0BDF525C1B5F90039EE76 /* AppDelegate.swift */ = {isa = PBXFileReference; lastKnownFileType = sourcecode.swift; path = AppDelegate.swift; sourceTree = "<group>"; };
		80B0BDF725C1B5F90039EE76 /* SceneDelegate.swift */ = {isa = PBXFileReference; lastKnownFileType = sourcecode.swift; path = SceneDelegate.swift; sourceTree = "<group>"; };
		80B0BDF925C1B5F90039EE76 /* ViewController.swift */ = {isa = PBXFileReference; lastKnownFileType = sourcecode.swift; path = ViewController.swift; sourceTree = "<group>"; };
		80B0BDFC25C1B5F90039EE76 /* Base */ = {isa = PBXFileReference; lastKnownFileType = file.storyboard; name = Base; path = Base.lproj/Main.storyboard; sourceTree = "<group>"; };
		80B0BDFE25C1B5FD0039EE76 /* Assets.xcassets */ = {isa = PBXFileReference; lastKnownFileType = folder.assetcatalog; path = Assets.xcassets; sourceTree = "<group>"; };
		80B0BE0125C1B5FD0039EE76 /* Base */ = {isa = PBXFileReference; lastKnownFileType = file.storyboard; name = Base; path = Base.lproj/LaunchScreen.storyboard; sourceTree = "<group>"; };
		80B0BE0325C1B5FD0039EE76 /* Info.plist */ = {isa = PBXFileReference; lastKnownFileType = text.plist.xml; path = Info.plist; sourceTree = "<group>"; };
		80B0BE1A25C1B8730039EE76 /* Photos.swift */ = {isa = PBXFileReference; lastKnownFileType = sourcecode.swift; path = Photos.swift; sourceTree = "<group>"; };
		80B0BE1D25C1B9090039EE76 /* PhotoTable.swift */ = {isa = PBXFileReference; lastKnownFileType = sourcecode.swift; path = PhotoTable.swift; sourceTree = "<group>"; };
		9B63E81F321651CA16F44F30 /* Pods_Turkcell_Odev5.framework */ = {isa = PBXFileReference; explicitFileType = wrapper.framework; includeInIndex = 0; path = Pods_Turkcell_Odev5.framework; sourceTree = BUILT_PRODUCTS_DIR; };
		AC7E5CABB5FF049CB87AB8D4 /* Pods-Turkcell_Odev5.debug.xcconfig */ = {isa = PBXFileReference; includeInIndex = 1; lastKnownFileType = text.xcconfig; name = "Pods-Turkcell_Odev5.debug.xcconfig"; path = "Target Support Files/Pods-Turkcell_Odev5/Pods-Turkcell_Odev5.debug.xcconfig"; sourceTree = "<group>"; };
/* End PBXFileReference section */

/* Begin PBXFrameworksBuildPhase section */
		80B0BDEF25C1B5F90039EE76 /* Frameworks */ = {
			isa = PBXFrameworksBuildPhase;
			buildActionMask = 2147483647;
			files = (
				AFE8D196B3D3B7D1C76067F6 /* Pods_Turkcell_Odev5.framework in Frameworks */,
			);
			runOnlyForDeploymentPostprocessing = 0;
		};
/* End PBXFrameworksBuildPhase section */

/* Begin PBXGroup section */
		80B0BDE925C1B5F90039EE76 = {
			isa = PBXGroup;
			children = (
				80B0BDF425C1B5F90039EE76 /* Turkcell_Odev5 */,
				80B0BDF325C1B5F90039EE76 /* Products */,
				D8A9FE900BE7082C3D31AB7E /* Pods */,
				C17D64B478B48168F7360A05 /* Frameworks */,
			);
			sourceTree = "<group>";
		};
		80B0BDF325C1B5F90039EE76 /* Products */ = {
			isa = PBXGroup;
			children = (
				80B0BDF225C1B5F90039EE76 /* Turkcell_Odev5.app */,
			);
			name = Products;
			sourceTree = "<group>";
		};
		80B0BDF425C1B5F90039EE76 /* Turkcell_Odev5 */ = {
			isa = PBXGroup;
			children = (
				80B0BE0A25C1B7530039EE76 /* Struct */,
				80B0BDF525C1B5F90039EE76 /* AppDelegate.swift */,
				80B0BDF725C1B5F90039EE76 /* SceneDelegate.swift */,
				80B0BDF925C1B5F90039EE76 /* ViewController.swift */,
				80B0BDFB25C1B5F90039EE76 /* Main.storyboard */,
				80B0BDFE25C1B5FD0039EE76 /* Assets.xcassets */,
				80B0BE0025C1B5FD0039EE76 /* LaunchScreen.storyboard */,
				80B0BE0325C1B5FD0039EE76 /* Info.plist */,
				80B0BE1D25C1B9090039EE76 /* PhotoTable.swift */,
			);
			path = Turkcell_Odev5;
			sourceTree = "<group>";
		};
		80B0BE0A25C1B7530039EE76 /* Struct */ = {
			isa = PBXGroup;
			children = (
				80B0BE1A25C1B8730039EE76 /* Photos.swift */,
			);
			path = Struct;
			sourceTree = "<group>";
		};
		C17D64B478B48168F7360A05 /* Frameworks */ = {
			isa = PBXGroup;
			children = (
				9B63E81F321651CA16F44F30 /* Pods_Turkcell_Odev5.framework */,
			);
			name = Frameworks;
			sourceTree = "<group>";
		};
		D8A9FE900BE7082C3D31AB7E /* Pods */ = {
			isa = PBXGroup;
			children = (
				AC7E5CABB5FF049CB87AB8D4 /* Pods-Turkcell_Odev5.debug.xcconfig */,
				6D1F0F1B3B969067F4CD074D /* Pods-Turkcell_Odev5.release.xcconfig */,
			);
			path = Pods;
			sourceTree = "<group>";
		};
/* End PBXGroup section */

/* Begin PBXNativeTarget section */
		80B0BDF125C1B5F90039EE76 /* Turkcell_Odev5 */ = {
			isa = PBXNativeTarget;
			buildConfigurationList = 80B0BE0625C1B5FD0039EE76 /* Build configuration list for PBXNativeTarget "Turkcell_Odev5" */;
			buildPhases = (
				A48753462E815980B0599C94 /* [CP] Check Pods Manifest.lock */,
				80B0BDEE25C1B5F90039EE76 /* Sources */,
				80B0BDEF25C1B5F90039EE76 /* Frameworks */,
				80B0BDF025C1B5F90039EE76 /* Resources */,
				A69D998F5613E9DABF2101EC /* [CP] Embed Pods Frameworks */,
			);
			buildRules = (
			);
			dependencies = (
			);
			name = Turkcell_Odev5;
			productName = Turkcell_Odev5;
			productReference = 80B0BDF225C1B5F90039EE76 /* Turkcell_Odev5.app */;
			productType = "com.apple.product-type.application";
		};
/* End PBXNativeTarget section */

/* Begin PBXProject section */
		80B0BDEA25C1B5F90039EE76 /* Project object */ = {
			isa = PBXProject;
			attributes = {
				LastSwiftUpdateCheck = 1230;
				LastUpgradeCheck = 1230;
				TargetAttributes = {
					80B0BDF125C1B5F90039EE76 = {
						CreatedOnToolsVersion = 12.3;
					};
				};
			};
			buildConfigurationList = 80B0BDED25C1B5F90039EE76 /* Build configuration list for PBXProject "Turkcell_Odev5" */;
			compatibilityVersion = "Xcode 9.3";
			developmentRegion = en;
			hasScannedForEncodings = 0;
			knownRegions = (
				en,
				Base,
			);
			mainGroup = 80B0BDE925C1B5F90039EE76;
			productRefGroup = 80B0BDF325C1B5F90039EE76 /* Products */;
			projectDirPath = "";
			projectRoot = "";
			targets = (
				80B0BDF125C1B5F90039EE76 /* Turkcell_Odev5 */,
			);
		};
/* End PBXProject section */

/* Begin PBXResourcesBuildPhase section */
		80B0BDF025C1B5F90039EE76 /* Resources */ = {
			isa = PBXResourcesBuildPhase;
			buildActionMask = 2147483647;
			files = (
				80B0BE0225C1B5FD0039EE76 /* LaunchScreen.storyboard in Resources */,
				80B0BDFF25C1B5FD0039EE76 /* Assets.xcassets in Resources */,
				80B0BDFD25C1B5F90039EE76 /* Main.storyboard in Resources */,
			);
			runOnlyForDeploymentPostprocessing = 0;
		};
/* End PBXResourcesBuildPhase section */

/* Begin PBXShellScriptBuildPhase section */
		A48753462E815980B0599C94 /* [CP] Check Pods Manifest.lock */ = {
			isa = PBXShellScriptBuildPhase;
			buildActionMask = 2147483647;
			files = (
			);
			inputFileListPaths = (
			);
			inputPaths = (
				"${PODS_PODFILE_DIR_PATH}/Podfile.lock",
				"${PODS_ROOT}/Manifest.lock",
			);
			name = "[CP] Check Pods Manifest.lock";
			outputFileListPaths = (
			);
			outputPaths = (
				"$(DERIVED_FILE_DIR)/Pods-Turkcell_Odev5-checkManifestLockResult.txt",
			);
			runOnlyForDeploymentPostprocessing = 0;
			shellPath = /bin/sh;
			shellScript = "diff \"${PODS_PODFILE_DIR_PATH}/Podfile.lock\" \"${PODS_ROOT}/Manifest.lock\" > /dev/null\nif [ $? != 0 ] ; then\n    # print error to STDERR\n    echo \"error: The sandbox is not in sync with the Podfile.lock. Run 'pod install' or update your CocoaPods installation.\" >&2\n    exit 1\nfi\n# This output is used by Xcode 'outputs' to avoid re-running this script phase.\necho \"SUCCESS\" > \"${SCRIPT_OUTPUT_FILE_0}\"\n";
			showEnvVarsInLog = 0;
		};
		A69D998F5613E9DABF2101EC /* [CP] Embed Pods Frameworks */ = {
			isa = PBXShellScriptBuildPhase;
			buildActionMask = 2147483647;
			files = (
			);
			inputFileListPaths = (
				"${PODS_ROOT}/Target Support Files/Pods-Turkcell_Odev5/Pods-Turkcell_Odev5-frameworks-${CONFIGURATION}-input-files.xcfilelist",
			);
			name = "[CP] Embed Pods Frameworks";
			outputFileListPaths = (
				"${PODS_ROOT}/Target Support Files/Pods-Turkcell_Odev5/Pods-Turkcell_Odev5-frameworks-${CONFIGURATION}-output-files.xcfilelist",
			);
			runOnlyForDeploymentPostprocessing = 0;
			shellPath = /bin/sh;
			shellScript = "\"${PODS_ROOT}/Target Support Files/Pods-Turkcell_Odev5/Pods-Turkcell_Odev5-frameworks.sh\"\n";
			showEnvVarsInLog = 0;
		};
/* End PBXShellScriptBuildPhase section */

/* Begin PBXSourcesBuildPhase section */
		80B0BDEE25C1B5F90039EE76 /* Sources */ = {
			isa = PBXSourcesBuildPhase;
			buildActionMask = 2147483647;
			files = (
				80B0BE1B25C1B8730039EE76 /* Photos.swift in Sources */,
				80B0BDFA25C1B5F90039EE76 /* ViewController.swift in Sources */,
				80B0BE1E25C1B9090039EE76 /* PhotoTable.swift in Sources */,
				80B0BDF625C1B5F90039EE76 /* AppDelegate.swift in Sources */,
				80B0BDF825C1B5F90039EE76 /* SceneDelegate.swift in Sources */,
			);
			runOnlyForDeploymentPostprocessing = 0;
		};
/* End PBXSourcesBuildPhase section */

/* Begin PBXVariantGroup section */
		80B0BDFB25C1B5F90039EE76 /* Main.storyboard */ = {
			isa = PBXVariantGroup;
			children = (
				80B0BDFC25C1B5F90039EE76 /* Base */,
			);
			name = Main.storyboard;
			sourceTree = "<group>";
		};
		80B0BE0025C1B5FD0039EE76 /* LaunchScreen.storyboard */ = {
			isa = PBXVariantGroup;
			children = (
				80B0BE0125C1B5FD0039EE76 /* Base */,
			);
			name = LaunchScreen.storyboard;
			sourceTree = "<group>";
		};
/* End PBXVariantGroup section */

/* Begin XCBuildConfiguration section */
		80B0BE0425C1B5FD0039EE76 /* Debug */ = {
			isa = XCBuildConfiguration;
			buildSettings = {
				ALWAYS_SEARCH_USER_PATHS = NO;
				CLANG_ANALYZER_NONNULL = YES;
				CLANG_ANALYZER_NUMBER_OBJECT_CONVERSION = YES_AGGRESSIVE;
				CLANG_CXX_LANGUAGE_STANDARD = "gnu++14";
				CLANG_CXX_LIBRARY = "libc++";
				CLANG_ENABLE_MODULES = YES;
				CLANG_ENABLE_OBJC_ARC = YES;
				CLANG_ENABLE_OBJC_WEAK = YES;
				CLANG_WARN_BLOCK_CAPTURE_AUTORELEASING = YES;
				CLANG_WARN_BOOL_CONVERSION = YES;
				CLANG_WARN_COMMA = YES;
				CLANG_WARN_CONSTANT_CONVERSION = YES;
				CLANG_WARN_DEPRECATED_OBJC_IMPLEMENTATIONS = YES;
				CLANG_WARN_DIRECT_OBJC_ISA_USAGE = YES_ERROR;
				CLANG_WARN_DOCUMENTATION_COMMENTS = YES;
				CLANG_WARN_EMPTY_BODY = YES;
				CLANG_WARN_ENUM_CONVERSION = YES;
				CLANG_WARN_INFINITE_RECURSION = YES;
				CLANG_WARN_INT_CONVERSION = YES;
				CLANG_WARN_NON_LITERAL_NULL_CONVERSION = YES;
				CLANG_WARN_OBJC_IMPLICIT_RETAIN_SELF = YES;
				CLANG_WARN_OBJC_LITERAL_CONVERSION = YES;
				CLANG_WARN_OBJC_ROOT_CLASS = YES_ERROR;
				CLANG_WARN_QUOTED_INCLUDE_IN_FRAMEWORK_HEADER = YES;
				CLANG_WARN_RANGE_LOOP_ANALYSIS = YES;
				CLANG_WARN_STRICT_PROTOTYPES = YES;
				CLANG_WARN_SUSPICIOUS_MOVE = YES;
				CLANG_WARN_UNGUARDED_AVAILABILITY = YES_AGGRESSIVE;
				CLANG_WARN_UNREACHABLE_CODE = YES;
				CLANG_WARN__DUPLICATE_METHOD_MATCH = YES;
				COPY_PHASE_STRIP = NO;
				DEBUG_INFORMATION_FORMAT = dwarf;
				ENABLE_STRICT_OBJC_MSGSEND = YES;
				ENABLE_TESTABILITY = YES;
				GCC_C_LANGUAGE_STANDARD = gnu11;
				GCC_DYNAMIC_NO_PIC = NO;
				GCC_NO_COMMON_BLOCKS = YES;
				GCC_OPTIMIZATION_LEVEL = 0;
				GCC_PREPROCESSOR_DEFINITIONS = (
					"DEBUG=1",
					"$(inherited)",
				);
				GCC_WARN_64_TO_32_BIT_CONVERSION = YES;
				GCC_WARN_ABOUT_RETURN_TYPE = YES_ERROR;
				GCC_WARN_UNDECLARED_SELECTOR = YES;
				GCC_WARN_UNINITIALIZED_AUTOS = YES_AGGRESSIVE;
				GCC_WARN_UNUSED_FUNCTION = YES;
				GCC_WARN_UNUSED_VARIABLE = YES;
				IPHONEOS_DEPLOYMENT_TARGET = 14.3;
				MTL_ENABLE_DEBUG_INFO = INCLUDE_SOURCE;
				MTL_FAST_MATH = YES;
				ONLY_ACTIVE_ARCH = YES;
				SDKROOT = iphoneos;
				SWIFT_ACTIVE_COMPILATION_CONDITIONS = DEBUG;
				SWIFT_OPTIMIZATION_LEVEL = "-Onone";
			};
			name = Debug;
		};
		80B0BE0525C1B5FD0039EE76 /* Release */ = {
			isa = XCBuildConfiguration;
			buildSettings = {
				ALWAYS_SEARCH_USER_PATHS = NO;
				CLANG_ANALYZER_NONNULL = YES;
				CLANG_ANALYZER_NUMBER_OBJECT_CONVERSION = YES_AGGRESSIVE;
				CLANG_CXX_LANGUAGE_STANDARD = "gnu++14";
				CLANG_CXX_LIBRARY = "libc++";
				CLANG_ENABLE_MODULES = YES;
				CLANG_ENABLE_OBJC_ARC = YES;
				CLANG_ENABLE_OBJC_WEAK = YES;
				CLANG_WARN_BLOCK_CAPTURE_AUTORELEASING = YES;
				CLANG_WARN_BOOL_CONVERSION = YES;
				CLANG_WARN_COMMA = YES;
				CLANG_WARN_CONSTANT_CONVERSION = YES;
				CLANG_WARN_DEPRECATED_OBJC_IMPLEMENTATIONS = YES;
				CLANG_WARN_DIRECT_OBJC_ISA_USAGE = YES_ERROR;
				CLANG_WARN_DOCUMENTATION_COMMENTS = YES;
				CLANG_WARN_EMPTY_BODY = YES;
				CLANG_WARN_ENUM_CONVERSION = YES;
				CLANG_WARN_INFINITE_RECURSION = YES;
				CLANG_WARN_INT_CONVERSION = YES;
				CLANG_WARN_NON_LITERAL_NULL_CONVERSION = YES;
				CLANG_WARN_OBJC_IMPLICIT_RETAIN_SELF = YES;
				CLANG_WARN_OBJC_LITERAL_CONVERSION = YES;
				CLANG_WARN_OBJC_ROOT_CLASS = YES_ERROR;
				CLANG_WARN_QUOTED_INCLUDE_IN_FRAMEWORK_HEADER = YES;
				CLANG_WARN_RANGE_LOOP_ANALYSIS = YES;
				CLANG_WARN_STRICT_PROTOTYPES = YES;
				CLANG_WARN_SUSPICIOUS_MOVE = YES;
				CLANG_WARN_UNGUARDED_AVAILABILITY = YES_AGGRESSIVE;
				CLANG_WARN_UNREACHABLE_CODE = YES;
				CLANG_WARN__DUPLICATE_METHOD_MATCH = YES;
				COPY_PHASE_STRIP = NO;
				DEBUG_INFORMATION_FORMAT = "dwarf-with-dsym";
				ENABLE_NS_ASSERTIONS = NO;
				ENABLE_STRICT_OBJC_MSGSEND = YES;
				GCC_C_LANGUAGE_STANDARD = gnu11;
				GCC_NO_COMMON_BLOCKS = YES;
				GCC_WARN_64_TO_32_BIT_CONVERSION = YES;
				GCC_WARN_ABOUT_RETURN_TYPE = YES_ERROR;
				GCC_WARN_UNDECLARED_SELECTOR = YES;
				GCC_WARN_UNINITIALIZED_AUTOS = YES_AGGRESSIVE;
				GCC_WARN_UNUSED_FUNCTION = YES;
				GCC_WARN_UNUSED_VARIABLE = YES;
				IPHONEOS_DEPLOYMENT_TARGET = 14.3;
				MTL_ENABLE_DEBUG_INFO = NO;
				MTL_FAST_MATH = YES;
				SDKROOT = iphoneos;
				SWIFT_COMPILATION_MODE = wholemodule;
				SWIFT_OPTIMIZATION_LEVEL = "-O";
				VALIDATE_PRODUCT = YES;
			};
			name = Release;
		};
		80B0BE0725C1B5FD0039EE76 /* Debug */ = {
			isa = XCBuildConfiguration;
			baseConfigurationReference = AC7E5CABB5FF049CB87AB8D4 /* Pods-Turkcell_Odev5.debug.xcconfig */;
			buildSettings = {
				ASSETCATALOG_COMPILER_APPICON_NAME = AppIcon;
				ASSETCATALOG_COMPILER_GLOBAL_ACCENT_COLOR_NAME = AccentColor;
				CODE_SIGN_STYLE = Automatic;
				INFOPLIST_FILE = Turkcell_Odev5/Info.plist;
				LD_RUNPATH_SEARCH_PATHS = (
					"$(inherited)",
					"@executable_path/Frameworks",
				);
				PRODUCT_BUNDLE_IDENTIFIER = "appleApp.Turkcell-Odev5";
				PRODUCT_NAME = "$(TARGET_NAME)";
				SWIFT_VERSION = 5.0;
				TARGETED_DEVICE_FAMILY = "1,2";
			};
			name = Debug;
		};
		80B0BE0825C1B5FD0039EE76 /* Release */ = {
			isa = XCBuildConfiguration;
			baseConfigurationReference = 6D1F0F1B3B969067F4CD074D /* Pods-Turkcell_Odev5.release.xcconfig */;
			buildSettings = {
				ASSETCATALOG_COMPILER_APPICON_NAME = AppIcon;
				ASSETCATALOG_COMPILER_GLOBAL_ACCENT_COLOR_NAME = AccentColor;
				CODE_SIGN_STYLE = Automatic;
				INFOPLIST_FILE = Turkcell_Odev5/Info.plist;
				LD_RUNPATH_SEARCH_PATHS = (
					"$(inherited)",
					"@executable_path/Frameworks",
				);
				PRODUCT_BUNDLE_IDENTIFIER = "appleApp.Turkcell-Odev5";
				PRODUCT_NAME = "$(TARGET_NAME)";
				SWIFT_VERSION = 5.0;
				TARGETED_DEVICE_FAMILY = "1,2";
			};
			name = Release;
		};
/* End XCBuildConfiguration section */

/* Begin XCConfigurationList section */
		80B0BDED25C1B5F90039EE76 /* Build configuration list for PBXProject "Turkcell_Odev5" */ = {
			isa = XCConfigurationList;
			buildConfigurations = (
				80B0BE0425C1B5FD0039EE76 /* Debug */,
				80B0BE0525C1B5FD0039EE76 /* Release */,
			);
			defaultConfigurationIsVisible = 0;
			defaultConfigurationName = Release;
		};
		80B0BE0625C1B5FD0039EE76 /* Build configuration list for PBXNativeTarget "Turkcell_Odev5" */ = {
			isa = XCConfigurationList;
			buildConfigurations = (
				80B0BE0725C1B5FD0039EE76 /* Debug */,
				80B0BE0825C1B5FD0039EE76 /* Release */,
			);
			defaultConfigurationIsVisible = 0;
			defaultConfigurationName = Release;
		};
/* End XCConfigurationList section */
	};
	rootObject = 80B0BDEA25C1B5F90039EE76 /* Project object */;
}
